// !$*UTF8*$!
{
	archiveVersion = 1;
	classes = {
	};
	objectVersion = 55;
	objects = {

/* Begin PBXBuildFile section */
		1D091C7127A46CD400140F4D /* AppDelegate.swift in Sources */ = {isa = PBXBuildFile; fileRef = 1D091C7027A46CD400140F4D /* AppDelegate.swift */; };
		1D091C7327A46CD400140F4D /* SceneDelegate.swift in Sources */ = {isa = PBXBuildFile; fileRef = 1D091C7227A46CD400140F4D /* SceneDelegate.swift */; };
		1D091C7527A46CD400140F4D /* SearchViewController.swift in Sources */ = {isa = PBXBuildFile; fileRef = 1D091C7427A46CD400140F4D /* SearchViewController.swift */; };
		1D091C7827A46CD400140F4D /* Main.storyboard in Resources */ = {isa = PBXBuildFile; fileRef = 1D091C7627A46CD400140F4D /* Main.storyboard */; };
		1D091C7A27A46CD600140F4D /* Assets.xcassets in Resources */ = {isa = PBXBuildFile; fileRef = 1D091C7927A46CD600140F4D /* Assets.xcassets */; };
		1D091C7D27A46CD600140F4D /* LaunchScreen.storyboard in Resources */ = {isa = PBXBuildFile; fileRef = 1D091C7B27A46CD600140F4D /* LaunchScreen.storyboard */; };
		1D647E0027A6A324009C98B0 /* FlickrPhoto.swift in Sources */ = {isa = PBXBuildFile; fileRef = 1D647DFF27A6A323009C98B0 /* FlickrPhoto.swift */; };
		1D647E0227A6A37D009C98B0 /* Photos.swift in Sources */ = {isa = PBXBuildFile; fileRef = 1D647E0127A6A37D009C98B0 /* Photos.swift */; };
		1D647E0427A6A3C3009C98B0 /* SearchModel.swift in Sources */ = {isa = PBXBuildFile; fileRef = 1D647E0327A6A3C3009C98B0 /* SearchModel.swift */; };
		1D647E0627A6A484009C98B0 /* Constants.swift in Sources */ = {isa = PBXBuildFile; fileRef = 1D647E0527A6A484009C98B0 /* Constants.swift */; };
		1D65AB7227A4855F0020CA35 /* ImageCVCell.swift in Sources */ = {isa = PBXBuildFile; fileRef = 1D65AB7027A4855F0020CA35 /* ImageCVCell.swift */; };
		1D65AB7327A4855F0020CA35 /* ImageCVCell.xib in Resources */ = {isa = PBXBuildFile; fileRef = 1D65AB7127A4855F0020CA35 /* ImageCVCell.xib */; };
		1DF142A627A6BCDB00AFA6CF /* FlickrSearchService.swift in Sources */ = {isa = PBXBuildFile; fileRef = 1DF142A527A6BCDB00AFA6CF /* FlickrSearchService.swift */; };
		1DF142B027A6C3E100AFA6CF /* SearchViewModel.swift in Sources */ = {isa = PBXBuildFile; fileRef = 1DF142AF27A6C3E100AFA6CF /* SearchViewModel.swift */; };
		1DF142B227A6D34800AFA6CF /* ImageModel.swift in Sources */ = {isa = PBXBuildFile; fileRef = 1DF142B127A6D34800AFA6CF /* ImageModel.swift */; };
		1DF142B427A6D50400AFA6CF /* UIImageExtention.swift in Sources */ = {isa = PBXBuildFile; fileRef = 1DF142B327A6D50400AFA6CF /* UIImageExtention.swift */; };
		1DF142B827A6D9BC00AFA6CF /* ImageDownloadManager.swift in Sources */ = {isa = PBXBuildFile; fileRef = 1DF142B727A6D9BC00AFA6CF /* ImageDownloadManager.swift */; };
		1DF142BA27A6DA0800AFA6CF /* ImageDownloadOperation.swift in Sources */ = {isa = PBXBuildFile; fileRef = 1DF142B927A6DA0800AFA6CF /* ImageDownloadOperation.swift */; };
		1DF142BC27A6DD9500AFA6CF /* DataCache.swift in Sources */ = {isa = PBXBuildFile; fileRef = 1DF142BB27A6DD9500AFA6CF /* DataCache.swift */; };
		1DF142BE27A6DDE800AFA6CF /* Result.swift in Sources */ = {isa = PBXBuildFile; fileRef = 1DF142BD27A6DDE800AFA6CF /* Result.swift */; };
		1DF142C127A6E4FB00AFA6CF /* Reachability.swift in Sources */ = {isa = PBXBuildFile; fileRef = 1DF142C027A6E4FB00AFA6CF /* Reachability.swift */; };
		31603F7CFE4CE3AAAA0E4F8F /* Pods_ImageSearchApplication.framework in Frameworks */ = {isa = PBXBuildFile; fileRef = FA43CF082188B4560A1A05F9 /* Pods_ImageSearchApplication.framework */; };
/* End PBXBuildFile section */

/* Begin PBXFileReference section */
		1D091C6D27A46CD400140F4D /* ImageSearchApplication.app */ = {isa = PBXFileReference; explicitFileType = wrapper.application; includeInIndex = 0; path = ImageSearchApplication.app; sourceTree = BUILT_PRODUCTS_DIR; };
		1D091C7027A46CD400140F4D /* AppDelegate.swift */ = {isa = PBXFileReference; lastKnownFileType = sourcecode.swift; path = AppDelegate.swift; sourceTree = "<group>"; };
		1D091C7227A46CD400140F4D /* SceneDelegate.swift */ = {isa = PBXFileReference; lastKnownFileType = sourcecode.swift; path = SceneDelegate.swift; sourceTree = "<group>"; };
		1D091C7427A46CD400140F4D /* SearchViewController.swift */ = {isa = PBXFileReference; lastKnownFileType = sourcecode.swift; path = SearchViewController.swift; sourceTree = "<group>"; };
		1D091C7727A46CD400140F4D /* Base */ = {isa = PBXFileReference; lastKnownFileType = file.storyboard; name = Base; path = Base.lproj/Main.storyboard; sourceTree = "<group>"; };
		1D091C7927A46CD600140F4D /* Assets.xcassets */ = {isa = PBXFileReference; lastKnownFileType = folder.assetcatalog; path = Assets.xcassets; sourceTree = "<group>"; };
		1D091C7C27A46CD600140F4D /* Base */ = {isa = PBXFileReference; lastKnownFileType = file.storyboard; name = Base; path = Base.lproj/LaunchScreen.storyboard; sourceTree = "<group>"; };
		1D091C7E27A46CD600140F4D /* Info.plist */ = {isa = PBXFileReference; lastKnownFileType = text.plist.xml; path = Info.plist; sourceTree = "<group>"; };
		1D647DFF27A6A323009C98B0 /* FlickrPhoto.swift */ = {isa = PBXFileReference; lastKnownFileType = sourcecode.swift; path = FlickrPhoto.swift; sourceTree = "<group>"; };
		1D647E0127A6A37D009C98B0 /* Photos.swift */ = {isa = PBXFileReference; lastKnownFileType = sourcecode.swift; path = Photos.swift; sourceTree = "<group>"; };
		1D647E0327A6A3C3009C98B0 /* SearchModel.swift */ = {isa = PBXFileReference; lastKnownFileType = sourcecode.swift; path = SearchModel.swift; sourceTree = "<group>"; };
		1D647E0527A6A484009C98B0 /* Constants.swift */ = {isa = PBXFileReference; lastKnownFileType = sourcecode.swift; path = Constants.swift; sourceTree = "<group>"; };
		1D65AB7027A4855F0020CA35 /* ImageCVCell.swift */ = {isa = PBXFileReference; lastKnownFileType = sourcecode.swift; path = ImageCVCell.swift; sourceTree = "<group>"; };
		1D65AB7127A4855F0020CA35 /* ImageCVCell.xib */ = {isa = PBXFileReference; lastKnownFileType = file.xib; path = ImageCVCell.xib; sourceTree = "<group>"; };
		1DF142A527A6BCDB00AFA6CF /* FlickrSearchService.swift */ = {isa = PBXFileReference; lastKnownFileType = sourcecode.swift; path = FlickrSearchService.swift; sourceTree = "<group>"; };
		1DF142AF27A6C3E100AFA6CF /* SearchViewModel.swift */ = {isa = PBXFileReference; lastKnownFileType = sourcecode.swift; path = SearchViewModel.swift; sourceTree = "<group>"; };
		1DF142B127A6D34800AFA6CF /* ImageModel.swift */ = {isa = PBXFileReference; lastKnownFileType = sourcecode.swift; path = ImageModel.swift; sourceTree = "<group>"; };
		1DF142B327A6D50400AFA6CF /* UIImageExtention.swift */ = {isa = PBXFileReference; lastKnownFileType = sourcecode.swift; path = UIImageExtention.swift; sourceTree = "<group>"; };
		1DF142B727A6D9BC00AFA6CF /* ImageDownloadManager.swift */ = {isa = PBXFileReference; lastKnownFileType = sourcecode.swift; path = ImageDownloadManager.swift; sourceTree = "<group>"; };
		1DF142B927A6DA0800AFA6CF /* ImageDownloadOperation.swift */ = {isa = PBXFileReference; lastKnownFileType = sourcecode.swift; path = ImageDownloadOperation.swift; sourceTree = "<group>"; };
		1DF142BB27A6DD9500AFA6CF /* DataCache.swift */ = {isa = PBXFileReference; lastKnownFileType = sourcecode.swift; path = DataCache.swift; sourceTree = "<group>"; };
		1DF142BD27A6DDE800AFA6CF /* Result.swift */ = {isa = PBXFileReference; lastKnownFileType = sourcecode.swift; path = Result.swift; sourceTree = "<group>"; };
		1DF142C027A6E4FB00AFA6CF /* Reachability.swift */ = {isa = PBXFileReference; lastKnownFileType = sourcecode.swift; path = Reachability.swift; sourceTree = "<group>"; };
		33BADB227433C39F89E7D0B0 /* Pods-ImageSearchApplication.release.xcconfig */ = {isa = PBXFileReference; includeInIndex = 1; lastKnownFileType = text.xcconfig; name = "Pods-ImageSearchApplication.release.xcconfig"; path = "Target Support Files/Pods-ImageSearchApplication/Pods-ImageSearchApplication.release.xcconfig"; sourceTree = "<group>"; };
		7F11ACE02A5556C4916063A6 /* Pods-ImageSearchApplication.debug.xcconfig */ = {isa = PBXFileReference; includeInIndex = 1; lastKnownFileType = text.xcconfig; name = "Pods-ImageSearchApplication.debug.xcconfig"; path = "Target Support Files/Pods-ImageSearchApplication/Pods-ImageSearchApplication.debug.xcconfig"; sourceTree = "<group>"; };
		FA43CF082188B4560A1A05F9 /* Pods_ImageSearchApplication.framework */ = {isa = PBXFileReference; explicitFileType = wrapper.framework; includeInIndex = 0; path = Pods_ImageSearchApplication.framework; sourceTree = BUILT_PRODUCTS_DIR; };
/* End PBXFileReference section */

/* Begin PBXFrameworksBuildPhase section */
		1D091C6A27A46CD400140F4D /* Frameworks */ = {
			isa = PBXFrameworksBuildPhase;
			buildActionMask = 2147483647;
			files = (
				31603F7CFE4CE3AAAA0E4F8F /* Pods_ImageSearchApplication.framework in Frameworks */,
			);
			runOnlyForDeploymentPostprocessing = 0;
		};
/* End PBXFrameworksBuildPhase section */

/* Begin PBXGroup section */
		1D091C6427A46CD400140F4D = {
			isa = PBXGroup;
			children = (
				1D091C6F27A46CD400140F4D /* ImageSearchApplication */,
				1D091C6E27A46CD400140F4D /* Products */,
				FEA5836B3D1801DAB7F81E04 /* Pods */,
				36A333CC6348591A4AB2E776 /* Frameworks */,
			);
			sourceTree = "<group>";
		};
		1D091C6E27A46CD400140F4D /* Products */ = {
			isa = PBXGroup;
			children = (
				1D091C6D27A46CD400140F4D /* ImageSearchApplication.app */,
			);
			name = Products;
			sourceTree = "<group>";
		};
		1D091C6F27A46CD400140F4D /* ImageSearchApplication */ = {
			isa = PBXGroup;
			children = (
				1DF142C227A6E67600AFA6CF /* SearchManager */,
				1DF142BF27A6E4CA00AFA6CF /* InterneReachability */,
				1DF142B627A6D99700AFA6CF /* ImageDownloadManeger */,
				1DF142B527A6D55300AFA6CF /* Image */,
				1D2DDAE627A5E7A500D5D361 /* Utilities */,
				1D2DDAE527A5E77200D5D361 /* ViewModels */,
				1D2DDAE427A5E76A00D5D361 /* Models */,
				1D2DDAE127A5E71000D5D361 /* Views */,
				1D091C7027A46CD400140F4D /* AppDelegate.swift */,
				1D091C7227A46CD400140F4D /* SceneDelegate.swift */,
				1D091C7627A46CD400140F4D /* Main.storyboard */,
				1D091C7927A46CD600140F4D /* Assets.xcassets */,
				1D091C7B27A46CD600140F4D /* LaunchScreen.storyboard */,
				1D091C7E27A46CD600140F4D /* Info.plist */,
			);
			path = ImageSearchApplication;
			sourceTree = "<group>";
		};
		1D2DDAE127A5E71000D5D361 /* Views */ = {
			isa = PBXGroup;
			children = (
				1D2DDAE327A5E74B00D5D361 /* Cells */,
				1D2DDAE227A5E72400D5D361 /* ViewControllers */,
			);
			path = Views;
			sourceTree = "<group>";
		};
		1D2DDAE227A5E72400D5D361 /* ViewControllers */ = {
			isa = PBXGroup;
			children = (
				1D091C7427A46CD400140F4D /* SearchViewController.swift */,
			);
			path = ViewControllers;
			sourceTree = "<group>";
		};
		1D2DDAE327A5E74B00D5D361 /* Cells */ = {
			isa = PBXGroup;
			children = (
				1D65AB7027A4855F0020CA35 /* ImageCVCell.swift */,
				1D65AB7127A4855F0020CA35 /* ImageCVCell.xib */,
			);
			path = Cells;
			sourceTree = "<group>";
		};
		1D2DDAE427A5E76A00D5D361 /* Models */ = {
			isa = PBXGroup;
			children = (
				1D647DFF27A6A323009C98B0 /* FlickrPhoto.swift */,
				1D647E0127A6A37D009C98B0 /* Photos.swift */,
				1D647E0327A6A3C3009C98B0 /* SearchModel.swift */,
				1DF142B127A6D34800AFA6CF /* ImageModel.swift */,
			);
			path = Models;
			sourceTree = "<group>";
		};
		1D2DDAE527A5E77200D5D361 /* ViewModels */ = {
			isa = PBXGroup;
			children = (
				1DF142AF27A6C3E100AFA6CF /* SearchViewModel.swift */,
			);
			path = ViewModels;
			sourceTree = "<group>";
		};
		1D2DDAE627A5E7A500D5D361 /* Utilities */ = {
			isa = PBXGroup;
			children = (
				1D647E0527A6A484009C98B0 /* Constants.swift */,
				1DF142B327A6D50400AFA6CF /* UIImageExtention.swift */,
			);
			path = Utilities;
			sourceTree = "<group>";
		};
		1DF142B527A6D55300AFA6CF /* Image */ = {
			isa = PBXGroup;
			children = (
			);
			path = Image;
			sourceTree = "<group>";
		};
		1DF142B627A6D99700AFA6CF /* ImageDownloadManeger */ = {
			isa = PBXGroup;
			children = (
				1DF142B727A6D9BC00AFA6CF /* ImageDownloadManager.swift */,
				1DF142B927A6DA0800AFA6CF /* ImageDownloadOperation.swift */,
				1DF142BB27A6DD9500AFA6CF /* DataCache.swift */,
				1DF142BD27A6DDE800AFA6CF /* Result.swift */,
			);
			path = ImageDownloadManeger;
			sourceTree = "<group>";
		};
		1DF142BF27A6E4CA00AFA6CF /* InterneReachability */ = {
			isa = PBXGroup;
			children = (
				1DF142C027A6E4FB00AFA6CF /* Reachability.swift */,
			);
			path = InterneReachability;
			sourceTree = "<group>";
		};
		1DF142C227A6E67600AFA6CF /* SearchManager */ = {
			isa = PBXGroup;
			children = (
				1DF142A527A6BCDB00AFA6CF /* FlickrSearchService.swift */,
			);
			path = SearchManager;
			sourceTree = "<group>";
		};
		36A333CC6348591A4AB2E776 /* Frameworks */ = {
			isa = PBXGroup;
			children = (
				FA43CF082188B4560A1A05F9 /* Pods_ImageSearchApplication.framework */,
			);
			name = Frameworks;
			sourceTree = "<group>";
		};
		FEA5836B3D1801DAB7F81E04 /* Pods */ = {
			isa = PBXGroup;
			children = (
				7F11ACE02A5556C4916063A6 /* Pods-ImageSearchApplication.debug.xcconfig */,
				33BADB227433C39F89E7D0B0 /* Pods-ImageSearchApplication.release.xcconfig */,
			);
			path = Pods;
			sourceTree = "<group>";
		};
/* End PBXGroup section */

/* Begin PBXNativeTarget section */
		1D091C6C27A46CD400140F4D /* ImageSearchApplication */ = {
			isa = PBXNativeTarget;
			buildConfigurationList = 1D091C8127A46CD600140F4D /* Build configuration list for PBXNativeTarget "ImageSearchApplication" */;
			buildPhases = (
				192C74AC13410CD4325EEDF4 /* [CP] Check Pods Manifest.lock */,
				1D091C6927A46CD400140F4D /* Sources */,
				1D091C6A27A46CD400140F4D /* Frameworks */,
				1D091C6B27A46CD400140F4D /* Resources */,
				CE40A1D0CE4C4E1C94637B4A /* [CP] Embed Pods Frameworks */,
			);
			buildRules = (
			);
			dependencies = (
			);
			name = ImageSearchApplication;
			productName = ImageSearchApplication;
			productReference = 1D091C6D27A46CD400140F4D /* ImageSearchApplication.app */;
			productType = "com.apple.product-type.application";
		};
/* End PBXNativeTarget section */

/* Begin PBXProject section */
		1D091C6527A46CD400140F4D /* Project object */ = {
			isa = PBXProject;
			attributes = {
				BuildIndependentTargetsInParallel = 1;
				LastSwiftUpdateCheck = 1320;
				LastUpgradeCheck = 1320;
				TargetAttributes = {
					1D091C6C27A46CD400140F4D = {
						CreatedOnToolsVersion = 13.2.1;
					};
				};
			};
			buildConfigurationList = 1D091C6827A46CD400140F4D /* Build configuration list for PBXProject "ImageSearchApplication" */;
			compatibilityVersion = "Xcode 13.0";
			developmentRegion = en;
			hasScannedForEncodings = 0;
			knownRegions = (
				en,
				Base,
			);
			mainGroup = 1D091C6427A46CD400140F4D;
			productRefGroup = 1D091C6E27A46CD400140F4D /* Products */;
			projectDirPath = "";
			projectRoot = "";
			targets = (
				1D091C6C27A46CD400140F4D /* ImageSearchApplication */,
			);
		};
/* End PBXProject section */

/* Begin PBXResourcesBuildPhase section */
		1D091C6B27A46CD400140F4D /* Resources */ = {
			isa = PBXResourcesBuildPhase;
			buildActionMask = 2147483647;
			files = (
				1D65AB7327A4855F0020CA35 /* ImageCVCell.xib in Resources */,
				1D091C7D27A46CD600140F4D /* LaunchScreen.storyboard in Resources */,
				1D091C7A27A46CD600140F4D /* Assets.xcassets in Resources */,
				1D091C7827A46CD400140F4D /* Main.storyboard in Resources */,
			);
			runOnlyForDeploymentPostprocessing = 0;
		};
/* End PBXResourcesBuildPhase section */

/* Begin PBXShellScriptBuildPhase section */
		192C74AC13410CD4325EEDF4 /* [CP] Check Pods Manifest.lock */ = {
			isa = PBXShellScriptBuildPhase;
			buildActionMask = 2147483647;
			files = (
			);
			inputFileListPaths = (
			);
			inputPaths = (
				"${PODS_PODFILE_DIR_PATH}/Podfile.lock",
				"${PODS_ROOT}/Manifest.lock",
			);
			name = "[CP] Check Pods Manifest.lock";
			outputFileListPaths = (
			);
			outputPaths = (
				"$(DERIVED_FILE_DIR)/Pods-ImageSearchApplication-checkManifestLockResult.txt",
			);
			runOnlyForDeploymentPostprocessing = 0;
			shellPath = /bin/sh;
			shellScript = "diff \"${PODS_PODFILE_DIR_PATH}/Podfile.lock\" \"${PODS_ROOT}/Manifest.lock\" > /dev/null\nif [ $? != 0 ] ; then\n    # print error to STDERR\n    echo \"error: The sandbox is not in sync with the Podfile.lock. Run 'pod install' or update your CocoaPods installation.\" >&2\n    exit 1\nfi\n# This output is used by Xcode 'outputs' to avoid re-running this script phase.\necho \"SUCCESS\" > \"${SCRIPT_OUTPUT_FILE_0}\"\n";
			showEnvVarsInLog = 0;
		};
		CE40A1D0CE4C4E1C94637B4A /* [CP] Embed Pods Frameworks */ = {
			isa = PBXShellScriptBuildPhase;
			buildActionMask = 2147483647;
			files = (
			);
			inputFileListPaths = (
				"${PODS_ROOT}/Target Support Files/Pods-ImageSearchApplication/Pods-ImageSearchApplication-frameworks-${CONFIGURATION}-input-files.xcfilelist",
			);
			name = "[CP] Embed Pods Frameworks";
			outputFileListPaths = (
				"${PODS_ROOT}/Target Support Files/Pods-ImageSearchApplication/Pods-ImageSearchApplication-frameworks-${CONFIGURATION}-output-files.xcfilelist",
			);
			runOnlyForDeploymentPostprocessing = 0;
			shellPath = /bin/sh;
			shellScript = "\"${PODS_ROOT}/Target Support Files/Pods-ImageSearchApplication/Pods-ImageSearchApplication-frameworks.sh\"\n";
			showEnvVarsInLog = 0;
		};
/* End PBXShellScriptBuildPhase section */

/* Begin PBXSourcesBuildPhase section */
		1D091C6927A46CD400140F4D /* Sources */ = {
			isa = PBXSourcesBuildPhase;
			buildActionMask = 2147483647;
			files = (
				1DF142B227A6D34800AFA6CF /* ImageModel.swift in Sources */,
				1D647E0227A6A37D009C98B0 /* Photos.swift in Sources */,
				1D65AB7227A4855F0020CA35 /* ImageCVCell.swift in Sources */,
				1D091C7527A46CD400140F4D /* SearchViewController.swift in Sources */,
				1DF142A627A6BCDB00AFA6CF /* FlickrSearchService.swift in Sources */,
				1DF142BA27A6DA0800AFA6CF /* ImageDownloadOperation.swift in Sources */,
				1DF142C127A6E4FB00AFA6CF /* Reachability.swift in Sources */,
				1DF142BE27A6DDE800AFA6CF /* Result.swift in Sources */,
				1D091C7127A46CD400140F4D /* AppDelegate.swift in Sources */,
				1DF142B827A6D9BC00AFA6CF /* ImageDownloadManager.swift in Sources */,
				1D647E0427A6A3C3009C98B0 /* SearchModel.swift in Sources */,
				1DF142B027A6C3E100AFA6CF /* SearchViewModel.swift in Sources */,
				1DF142B427A6D50400AFA6CF /* UIImageExtention.swift in Sources */,
				1DF142BC27A6DD9500AFA6CF /* DataCache.swift in Sources */,
				1D647E0027A6A324009C98B0 /* FlickrPhoto.swift in Sources */,
				1D091C7327A46CD400140F4D /* SceneDelegate.swift in Sources */,
				1D647E0627A6A484009C98B0 /* Constants.swift in Sources */,
			);
			runOnlyForDeploymentPostprocessing = 0;
		};
/* End PBXSourcesBuildPhase section */

/* Begin PBXVariantGroup section */
		1D091C7627A46CD400140F4D /* Main.storyboard */ = {
			isa = PBXVariantGroup;
			children = (
				1D091C7727A46CD400140F4D /* Base */,
			);
			name = Main.storyboard;
			sourceTree = "<group>";
		};
		1D091C7B27A46CD600140F4D /* LaunchScreen.storyboard */ = {
			isa = PBXVariantGroup;
			children = (
				1D091C7C27A46CD600140F4D /* Base */,
			);
			name = LaunchScreen.storyboard;
			sourceTree = "<group>";
		};
/* End PBXVariantGroup section */

/* Begin XCBuildConfiguration section */
		1D091C7F27A46CD600140F4D /* Debug */ = {
			isa = XCBuildConfiguration;
			buildSettings = {
				ALWAYS_SEARCH_USER_PATHS = NO;
				CLANG_ANALYZER_NONNULL = YES;
				CLANG_ANALYZER_NUMBER_OBJECT_CONVERSION = YES_AGGRESSIVE;
				CLANG_CXX_LANGUAGE_STANDARD = "gnu++17";
				CLANG_CXX_LIBRARY = "libc++";
				CLANG_ENABLE_MODULES = YES;
				CLANG_ENABLE_OBJC_ARC = YES;
				CLANG_ENABLE_OBJC_WEAK = YES;
				CLANG_WARN_BLOCK_CAPTURE_AUTORELEASING = YES;
				CLANG_WARN_BOOL_CONVERSION = YES;
				CLANG_WARN_COMMA = YES;
				CLANG_WARN_CONSTANT_CONVERSION = YES;
				CLANG_WARN_DEPRECATED_OBJC_IMPLEMENTATIONS = YES;
				CLANG_WARN_DIRECT_OBJC_ISA_USAGE = YES_ERROR;
				CLANG_WARN_DOCUMENTATION_COMMENTS = YES;
				CLANG_WARN_EMPTY_BODY = YES;
				CLANG_WARN_ENUM_CONVERSION = YES;
				CLANG_WARN_INFINITE_RECURSION = YES;
				CLANG_WARN_INT_CONVERSION = YES;
				CLANG_WARN_NON_LITERAL_NULL_CONVERSION = YES;
				CLANG_WARN_OBJC_IMPLICIT_RETAIN_SELF = YES;
				CLANG_WARN_OBJC_LITERAL_CONVERSION = YES;
				CLANG_WARN_OBJC_ROOT_CLASS = YES_ERROR;
				CLANG_WARN_QUOTED_INCLUDE_IN_FRAMEWORK_HEADER = YES;
				CLANG_WARN_RANGE_LOOP_ANALYSIS = YES;
				CLANG_WARN_STRICT_PROTOTYPES = YES;
				CLANG_WARN_SUSPICIOUS_MOVE = YES;
				CLANG_WARN_UNGUARDED_AVAILABILITY = YES_AGGRESSIVE;
				CLANG_WARN_UNREACHABLE_CODE = YES;
				CLANG_WARN__DUPLICATE_METHOD_MATCH = YES;
				COPY_PHASE_STRIP = NO;
				DEBUG_INFORMATION_FORMAT = dwarf;
				ENABLE_STRICT_OBJC_MSGSEND = YES;
				ENABLE_TESTABILITY = YES;
				GCC_C_LANGUAGE_STANDARD = gnu11;
				GCC_DYNAMIC_NO_PIC = NO;
				GCC_NO_COMMON_BLOCKS = YES;
				GCC_OPTIMIZATION_LEVEL = 0;
				GCC_PREPROCESSOR_DEFINITIONS = (
					"DEBUG=1",
					"$(inherited)",
				);
				GCC_WARN_64_TO_32_BIT_CONVERSION = YES;
				GCC_WARN_ABOUT_RETURN_TYPE = YES_ERROR;
				GCC_WARN_UNDECLARED_SELECTOR = YES;
				GCC_WARN_UNINITIALIZED_AUTOS = YES_AGGRESSIVE;
				GCC_WARN_UNUSED_FUNCTION = YES;
				GCC_WARN_UNUSED_VARIABLE = YES;
				IPHONEOS_DEPLOYMENT_TARGET = 15.2;
				MTL_ENABLE_DEBUG_INFO = INCLUDE_SOURCE;
				MTL_FAST_MATH = YES;
				ONLY_ACTIVE_ARCH = YES;
				SDKROOT = iphoneos;
				SWIFT_ACTIVE_COMPILATION_CONDITIONS = DEBUG;
				SWIFT_OPTIMIZATION_LEVEL = "-Onone";
			};
			name = Debug;
		};
		1D091C8027A46CD600140F4D /* Release */ = {
			isa = XCBuildConfiguration;
			buildSettings = {
				ALWAYS_SEARCH_USER_PATHS = NO;
				CLANG_ANALYZER_NONNULL = YES;
				CLANG_ANALYZER_NUMBER_OBJECT_CONVERSION = YES_AGGRESSIVE;
				CLANG_CXX_LANGUAGE_STANDARD = "gnu++17";
				CLANG_CXX_LIBRARY = "libc++";
				CLANG_ENABLE_MODULES = YES;
				CLANG_ENABLE_OBJC_ARC = YES;
				CLANG_ENABLE_OBJC_WEAK = YES;
				CLANG_WARN_BLOCK_CAPTURE_AUTORELEASING = YES;
				CLANG_WARN_BOOL_CONVERSION = YES;
				CLANG_WARN_COMMA = YES;
				CLANG_WARN_CONSTANT_CONVERSION = YES;
				CLANG_WARN_DEPRECATED_OBJC_IMPLEMENTATIONS = YES;
				CLANG_WARN_DIRECT_OBJC_ISA_USAGE = YES_ERROR;
				CLANG_WARN_DOCUMENTATION_COMMENTS = YES;
				CLANG_WARN_EMPTY_BODY = YES;
				CLANG_WARN_ENUM_CONVERSION = YES;
				CLANG_WARN_INFINITE_RECURSION = YES;
				CLANG_WARN_INT_CONVERSION = YES;
				CLANG_WARN_NON_LITERAL_NULL_CONVERSION = YES;
				CLANG_WARN_OBJC_IMPLICIT_RETAIN_SELF = YES;
				CLANG_WARN_OBJC_LITERAL_CONVERSION = YES;
				CLANG_WARN_OBJC_ROOT_CLASS = YES_ERROR;
				CLANG_WARN_QUOTED_INCLUDE_IN_FRAMEWORK_HEADER = YES;
				CLANG_WARN_RANGE_LOOP_ANALYSIS = YES;
				CLANG_WARN_STRICT_PROTOTYPES = YES;
				CLANG_WARN_SUSPICIOUS_MOVE = YES;
				CLANG_WARN_UNGUARDED_AVAILABILITY = YES_AGGRESSIVE;
				CLANG_WARN_UNREACHABLE_CODE = YES;
				CLANG_WARN__DUPLICATE_METHOD_MATCH = YES;
				COPY_PHASE_STRIP = NO;
				DEBUG_INFORMATION_FORMAT = "dwarf-with-dsym";
				ENABLE_NS_ASSERTIONS = NO;
				ENABLE_STRICT_OBJC_MSGSEND = YES;
				GCC_C_LANGUAGE_STANDARD = gnu11;
				GCC_NO_COMMON_BLOCKS = YES;
				GCC_WARN_64_TO_32_BIT_CONVERSION = YES;
				GCC_WARN_ABOUT_RETURN_TYPE = YES_ERROR;
				GCC_WARN_UNDECLARED_SELECTOR = YES;
				GCC_WARN_UNINITIALIZED_AUTOS = YES_AGGRESSIVE;
				GCC_WARN_UNUSED_FUNCTION = YES;
				GCC_WARN_UNUSED_VARIABLE = YES;
				IPHONEOS_DEPLOYMENT_TARGET = 15.2;
				MTL_ENABLE_DEBUG_INFO = NO;
				MTL_FAST_MATH = YES;
				SDKROOT = iphoneos;
				SWIFT_COMPILATION_MODE = wholemodule;
				SWIFT_OPTIMIZATION_LEVEL = "-O";
				VALIDATE_PRODUCT = YES;
			};
			name = Release;
		};
		1D091C8227A46CD600140F4D /* Debug */ = {
			isa = XCBuildConfiguration;
			baseConfigurationReference = 7F11ACE02A5556C4916063A6 /* Pods-ImageSearchApplication.debug.xcconfig */;
			buildSettings = {
				ASSETCATALOG_COMPILER_APPICON_NAME = AppIcon;
				ASSETCATALOG_COMPILER_GLOBAL_ACCENT_COLOR_NAME = AccentColor;
				CODE_SIGN_STYLE = Automatic;
				CURRENT_PROJECT_VERSION = 1;
				DEVELOPMENT_TEAM = TK39Y9C4Z7;
				GENERATE_INFOPLIST_FILE = YES;
				INFOPLIST_FILE = ImageSearchApplication/Info.plist;
				INFOPLIST_KEY_UIApplicationSupportsIndirectInputEvents = YES;
				INFOPLIST_KEY_UILaunchStoryboardName = LaunchScreen;
				INFOPLIST_KEY_UIMainStoryboardFile = Main;
				INFOPLIST_KEY_UISupportedInterfaceOrientations_iPad = "UIInterfaceOrientationPortrait UIInterfaceOrientationPortraitUpsideDown UIInterfaceOrientationLandscapeLeft UIInterfaceOrientationLandscapeRight";
				INFOPLIST_KEY_UISupportedInterfaceOrientations_iPhone = "UIInterfaceOrientationPortrait UIInterfaceOrientationLandscapeLeft UIInterfaceOrientationLandscapeRight";
				LD_RUNPATH_SEARCH_PATHS = (
					"$(inherited)",
					"@executable_path/Frameworks",
				);
				MARKETING_VERSION = 1.0;
				PRODUCT_BUNDLE_IDENTIFIER = com.refat.dev.ImageSearchApplication;
				PRODUCT_NAME = "$(TARGET_NAME)";
				SWIFT_EMIT_LOC_STRINGS = YES;
				SWIFT_VERSION = 5.0;
				TARGETED_DEVICE_FAMILY = "1,2";
			};
			name = Debug;
		};
		1D091C8327A46CD600140F4D /* Release */ = {
			isa = XCBuildConfiguration;
			baseConfigurationReference = 33BADB227433C39F89E7D0B0 /* Pods-ImageSearchApplication.release.xcconfig */;
			buildSettings = {
				ASSETCATALOG_COMPILER_APPICON_NAME = AppIcon;
				ASSETCATALOG_COMPILER_GLOBAL_ACCENT_COLOR_NAME = AccentColor;
				CODE_SIGN_STYLE = Automatic;
				CURRENT_PROJECT_VERSION = 1;
				DEVELOPMENT_TEAM = TK39Y9C4Z7;
				GENERATE_INFOPLIST_FILE = YES;
				INFOPLIST_FILE = ImageSearchApplication/Info.plist;
				INFOPLIST_KEY_UIApplicationSupportsIndirectInputEvents = YES;
				INFOPLIST_KEY_UILaunchStoryboardName = LaunchScreen;
				INFOPLIST_KEY_UIMainStoryboardFile = Main;
				INFOPLIST_KEY_UISupportedInterfaceOrientations_iPad = "UIInterfaceOrientationPortrait UIInterfaceOrientationPortraitUpsideDown UIInterfaceOrientationLandscapeLeft UIInterfaceOrientationLandscapeRight";
				INFOPLIST_KEY_UISupportedInterfaceOrientations_iPhone = "UIInterfaceOrientationPortrait UIInterfaceOrientationLandscapeLeft UIInterfaceOrientationLandscapeRight";
				LD_RUNPATH_SEARCH_PATHS = (
					"$(inherited)",
					"@executable_path/Frameworks",
				);
				MARKETING_VERSION = 1.0;
				PRODUCT_BUNDLE_IDENTIFIER = com.refat.dev.ImageSearchApplication;
				PRODUCT_NAME = "$(TARGET_NAME)";
				SWIFT_EMIT_LOC_STRINGS = YES;
				SWIFT_VERSION = 5.0;
				TARGETED_DEVICE_FAMILY = "1,2";
			};
			name = Release;
		};
/* End XCBuildConfiguration section */

/* Begin XCConfigurationList section */
		1D091C6827A46CD400140F4D /* Build configuration list for PBXProject "ImageSearchApplication" */ = {
			isa = XCConfigurationList;
			buildConfigurations = (
				1D091C7F27A46CD600140F4D /* Debug */,
				1D091C8027A46CD600140F4D /* Release */,
			);
			defaultConfigurationIsVisible = 0;
			defaultConfigurationName = Release;
		};
		1D091C8127A46CD600140F4D /* Build configuration list for PBXNativeTarget "ImageSearchApplication" */ = {
			isa = XCConfigurationList;
			buildConfigurations = (
				1D091C8227A46CD600140F4D /* Debug */,
				1D091C8327A46CD600140F4D /* Release */,
			);
			defaultConfigurationIsVisible = 0;
			defaultConfigurationName = Release;
		};
/* End XCConfigurationList section */
	};
	rootObject = 1D091C6527A46CD400140F4D /* Project object */;
}
